<?xml version="1.0" encoding="utf-8"?>
<Project ToolsVersion="4.0" xmlns="http://schemas.microsoft.com/developer/msbuild/2003">
  <ItemGroup>
    <Filter Include="Source Files">
      <UniqueIdentifier>{4FC737F1-C7A5-4376-A066-2A32D752A2FF}</UniqueIdentifier>
      <Extensions>cpp;c;cc;cxx;def;odl;idl;hpj;bat;asm;asmx</Extensions>
    </Filter>
    <Filter Include="Header Files">
      <UniqueIdentifier>{93995380-89BD-4b04-88EB-625FBE52EBFB}</UniqueIdentifier>
      <Extensions>h;hpp;hxx;hm;inl;inc;xsd</Extensions>
    </Filter>
    <Filter Include="Resource Files">
      <UniqueIdentifier>{67DA6AB6-F800-4c08-8B7A-83BB121AAD01}</UniqueIdentifier>
      <Extensions>rc;ico;cur;bmp;dlg;rc2;rct;bin;rgs;gif;jpg;jpeg;jpe;resx;tiff;tif;png;wav;mfcribbon-ms</Extensions>
    </Filter>
    <Filter Include="Source Files\Bench">
      <UniqueIdentifier>{9ba0e86d-c84e-467c-bb40-048fa564be93}</UniqueIdentifier>
    </Filter>
    <Filter Include="Source Files\Bench\Language">
      <UniqueIdentifier>{0f03c05f-119f-4b2c-a213-e73533179f3f}</UniqueIdentifier>
    </Filter>
    <Filter Include="Header Files\Bench">
      <UniqueIdentifier>{c5d24c44-c033-4be0-b0cf-76a498684e3f}</UniqueIdentifier>
    </Filter>
    <Filter Include="Header Files\Bench\Language">
      <UniqueIdentifier>{eb93162a-0694-4ff5-bf50-7eddcb9f5243}</UniqueIdentifier>
    </Filter>
    <Filter Include="Header Files\Common">
      <UniqueIdentifier>{8c4665ef-cf21-42a2-ab23-ec5bd9972169}</UniqueIdentifier>
    </Filter>
    <Filter Include="Header Files\Bench\Parser">
      <UniqueIdentifier>{0c3a8063-c0ea-4a82-8677-03da2dd2f5f8}</UniqueIdentifier>
    </Filter>
    <Filter Include="Source Files\Bench\Parser">
      <UniqueIdentifier>{365b243a-3bc3-4e94-b866-3e1100567a41}</UniqueIdentifier>
    </Filter>
    <Filter Include="Header Files\Scheme">
      <UniqueIdentifier>{a3407afb-7981-489f-b4c3-30ee28254005}</UniqueIdentifier>
    </Filter>
    <Filter Include="Source Files\Scheme">
      <UniqueIdentifier>{beea15c3-0067-4ffb-b337-da0b257456cd}</UniqueIdentifier>
    </Filter>
    <Filter Include="Source Files\Common">
      <UniqueIdentifier>{215a8803-6fdc-4d29-aba1-de67432eea05}</UniqueIdentifier>
    </Filter>
    <Filter Include="Header Files\Faults">
      <UniqueIdentifier>{50e6a1ca-d798-4f6d-a5bd-0b68164640ea}</UniqueIdentifier>
    </Filter>
    <Filter Include="Header Files\Faults\Language">
      <UniqueIdentifier>{a3f69540-0803-48f5-bf7d-df686cca0afa}</UniqueIdentifier>
    </Filter>
    <Filter Include="Header Files\Faults\Parser">
      <UniqueIdentifier>{d53aae96-0bbb-4aec-bb28-c5f09aba0cec}</UniqueIdentifier>
    </Filter>
    <Filter Include="Source Files\Faults">
      <UniqueIdentifier>{7630efc6-cb24-434e-83e8-b3f65a2894d6}</UniqueIdentifier>
    </Filter>
    <Filter Include="Source Files\Faults\Language">
      <UniqueIdentifier>{29b5639d-b32c-4aae-a896-a1fed3abde51}</UniqueIdentifier>
    </Filter>
    <Filter Include="Source Files\Faults\Parser">
      <UniqueIdentifier>{3dcdc964-10a1-4350-9e97-310a53682b2c}</UniqueIdentifier>
    </Filter>
    <Filter Include="Header Files\Tests">
      <UniqueIdentifier>{20843b5c-1f45-476e-a38d-dc733a0d2f16}</UniqueIdentifier>
    </Filter>
    <Filter Include="Header Files\Tests\Algorithm">
      <UniqueIdentifier>{7019aaf7-fb39-40c5-a40f-d31727162c05}</UniqueIdentifier>
    </Filter>
    <Filter Include="Header Files\Tests\Parser">
      <UniqueIdentifier>{995de651-3e04-450d-adf8-2b663ce6b5e2}</UniqueIdentifier>
    </Filter>
    <Filter Include="Header Files\Tests\Language">
      <UniqueIdentifier>{f5e3c72d-8d4a-42d2-80d8-72e5d8df6988}</UniqueIdentifier>
    </Filter>
    <Filter Include="Source Files\Tests">
      <UniqueIdentifier>{beaafa49-5a25-47e5-894c-d70a47db3649}</UniqueIdentifier>
    </Filter>
    <Filter Include="Source Files\Tests\Language">
      <UniqueIdentifier>{64d5f69a-c469-4c84-b792-a89da41055dd}</UniqueIdentifier>
    </Filter>
    <Filter Include="Source Files\Tests\Parser">
      <UniqueIdentifier>{47dc883e-0992-450d-93b9-b4b652b9f5a6}</UniqueIdentifier>
    </Filter>
    <Filter Include="Source Files\Tests\Algorithm">
      <UniqueIdentifier>{2142458b-77be-4d3c-ba9c-84c0c4a4e876}</UniqueIdentifier>
    </Filter>
  </ItemGroup>
  <ItemGroup>
    <ClCompile Include="main.cpp">
      <Filter>Source Files</Filter>
    </ClCompile>
    <ClCompile Include="Bench\Language\Definition.cpp">
      <Filter>Source Files\Bench\Language</Filter>
    </ClCompile>
    <ClCompile Include="Bench\Language\Expression.cpp">
      <Filter>Source Files\Bench\Language</Filter>
    </ClCompile>
    <ClCompile Include="Bench\Language\Identifier.cpp">
      <Filter>Source Files\Bench\Language</Filter>
    </ClCompile>
    <ClCompile Include="Bench\Language\PortIO.cpp">
      <Filter>Source Files\Bench\Language</Filter>
    </ClCompile>
    <ClCompile Include="Bench\Parser\Definition_parser.cpp">
      <Filter>Source Files\Bench\Parser</Filter>
    </ClCompile>
    <ClCompile Include="Bench\Parser\Expression_parser.cpp">
      <Filter>Source Files\Bench\Parser</Filter>
    </ClCompile>
    <ClCompile Include="Bench\Parser\Identifier_parser.cpp">
      <Filter>Source Files\Bench\Parser</Filter>
    </ClCompile>
    <ClCompile Include="Bench\Parser\PortIO_parser.cpp">
      <Filter>Source Files\Bench\Parser</Filter>
    </ClCompile>
    <ClCompile Include="Bench\Language\TextLine.cpp">
      <Filter>Source Files\Bench\Language</Filter>
    </ClCompile>
    <ClCompile Include="Bench\Parser\TextLine_parser.cpp">
      <Filter>Source Files\Bench\Parser</Filter>
    </ClCompile>
    <ClCompile Include="Bench\Language\BenchFile.cpp">
      <Filter>Source Files\Bench\Language</Filter>
    </ClCompile>
    <ClCompile Include="Bench\Parser\BenchFileParser.cpp">
      <Filter>Source Files\Bench\Parser</Filter>
    </ClCompile>
    <ClCompile Include="Scheme\Scheme.cpp">
      <Filter>Source Files\Scheme</Filter>
    </ClCompile>
    <ClCompile Include="Scheme\SchemeConverter.cpp">
      <Filter>Source Files\Scheme</Filter>
    </ClCompile>
    <ClCompile Include="Scheme\NodeDescription.cpp">
      <Filter>Source Files\Scheme</Filter>
    </ClCompile>
    <ClCompile Include="Scheme\SchemeValidator.cpp">
      <Filter>Source Files\Scheme</Filter>
    </ClCompile>
    <ClCompile Include="Scheme\SchemeTransformer.cpp">
      <Filter>Source Files\Scheme</Filter>
    </ClCompile>
    <ClCompile Include="Common\Algorithm.cpp">
      <Filter>Source Files\Common</Filter>
    </ClCompile>
    <ClCompile Include="Common\Settings.cpp">
      <Filter>Source Files\Common</Filter>
    </ClCompile>
    <ClCompile Include="Common\Logger.cpp">
      <Filter>Source Files\Common</Filter>
    </ClCompile>
    <ClCompile Include="Common\Timer.cpp">
      <Filter>Source Files\Common</Filter>
    </ClCompile>
    <ClCompile Include="Scheme\SchemeCopier.cpp">
      <Filter>Source Files\Scheme</Filter>
    </ClCompile>
    <ClCompile Include="Faults\Language\FaultDescription.cpp">
      <Filter>Source Files\Faults\Language</Filter>
    </ClCompile>
    <ClCompile Include="Bench\Parser\TextLineParser.cpp">
      <Filter>Source Files\Bench\Parser</Filter>
    </ClCompile>
    <ClCompile Include="Faults\Parser\FaultDescription_parser.cpp">
      <Filter>Source Files\Faults\Parser</Filter>
    </ClCompile>
    <ClCompile Include="Faults\Parser\FaultDescriptionParser.cpp">
      <Filter>Source Files\Faults\Parser</Filter>
    </ClCompile>
    <ClCompile Include="Faults\Language\FaultsFile.cpp">
      <Filter>Source Files\Faults\Language</Filter>
    </ClCompile>
    <ClCompile Include="Faults\Parser\FaultsFileParser.cpp">
      <Filter>Source Files\Faults\Parser</Filter>
    </ClCompile>
    <ClCompile Include="Common\ParsingException.cpp">
      <Filter>Source Files\Common</Filter>
    </ClCompile>
    <ClCompile Include="Tests\Language\TestDescription.cpp">
      <Filter>Source Files\Tests\Language</Filter>
    </ClCompile>
    <ClCompile Include="Tests\Language\TestsGroup.cpp">
      <Filter>Source Files\Tests\Language</Filter>
    </ClCompile>
    <ClCompile Include="Tests\Language\TestsCollection.cpp">
      <Filter>Source Files\Tests\Language</Filter>
    </ClCompile>
    <ClCompile Include="Tests\Algorithm\TestsTransformer.cpp">
      <Filter>Source Files\Tests\Algorithm</Filter>
    </ClCompile>
    <ClCompile Include="Tests\Language\TestsFile.cpp">
      <Filter>Source Files\Tests\Language</Filter>
    </ClCompile>
    <ClCompile Include="Tests\Parser\TestDescription_parser.cpp">
      <Filter>Source Files\Tests\Parser</Filter>
    </ClCompile>
    <ClCompile Include="Tests\Parser\TestsTextLine_parser.cpp">
      <Filter>Source Files\Tests\Parser</Filter>
    </ClCompile>
    <ClCompile Include="Tests\Parser\TestsTextLineParser.cpp">
      <Filter>Source Files\Tests\Parser</Filter>
    </ClCompile>
    <ClCompile Include="Tests\Parser\TestsFileParser.cpp">
      <Filter>Source Files\Tests\Parser</Filter>
    </ClCompile>
    <ClCompile Include="Tests\Algorithm\TestsConverter.cpp">
      <Filter>Source Files\Tests\Algorithm</Filter>
    </ClCompile>
  </ItemGroup>
  <ItemGroup>
    <ClInclude Include="Bench\Language.h">
      <Filter>Header Files\Bench</Filter>
    </ClInclude>
    <ClInclude Include="Bench\Parser.h">
      <Filter>Header Files\Bench</Filter>
    </ClInclude>
    <ClInclude Include="Bench.h">
      <Filter>Header Files</Filter>
    </ClInclude>
    <ClInclude Include="Common.h">
      <Filter>Header Files</Filter>
    </ClInclude>
    <ClInclude Include="Bench\Language\Definition.h">
      <Filter>Header Files\Bench\Language</Filter>
    </ClInclude>
    <ClInclude Include="Bench\Language\Expression.h">
      <Filter>Header Files\Bench\Language</Filter>
    </ClInclude>
    <ClInclude Include="Bench\Language\Identifier.h">
      <Filter>Header Files\Bench\Language</Filter>
    </ClInclude>
    <ClInclude Include="Bench\Language\PortIO.h">
      <Filter>Header Files\Bench\Language</Filter>
    </ClInclude>
    <ClInclude Include="Bench\Parser\Definition_parser.h">
      <Filter>Header Files\Bench\Parser</Filter>
    </ClInclude>
    <ClInclude Include="Bench\Parser\Expression_parser.h">
      <Filter>Header Files\Bench\Parser</Filter>
    </ClInclude>
    <ClInclude Include="Bench\Parser\Identifier_parser.h">
      <Filter>Header Files\Bench\Parser</Filter>
    </ClInclude>
    <ClInclude Include="Bench\Parser\PortIO_parser.h">
      <Filter>Header Files\Bench\Parser</Filter>
    </ClInclude>
    <ClInclude Include="Bench\Language\TextLine.h">
      <Filter>Header Files\Bench\Language</Filter>
    </ClInclude>
    <ClInclude Include="Bench\Parser\TextLine_parser.h">
      <Filter>Header Files\Bench\Parser</Filter>
    </ClInclude>
    <ClInclude Include="Bench\Language\BenchFile.h">
      <Filter>Header Files\Bench\Language</Filter>
    </ClInclude>
    <ClInclude Include="Common\IShowable.h">
      <Filter>Header Files\Common</Filter>
    </ClInclude>
    <ClInclude Include="Bench\Parser\BenchFileParser.h">
      <Filter>Header Files\Bench\Parser</Filter>
    </ClInclude>
    <ClInclude Include="Scheme\Scheme.h">
      <Filter>Header Files\Scheme</Filter>
    </ClInclude>
    <ClInclude Include="Scheme\SchemeConverter.h">
      <Filter>Header Files\Scheme</Filter>
    </ClInclude>
    <ClInclude Include="Scheme.h">
      <Filter>Header Files</Filter>
    </ClInclude>
    <ClInclude Include="Bench\Language\NodeType.h">
      <Filter>Header Files\Bench\Language</Filter>
    </ClInclude>
    <ClInclude Include="Scheme\NodeDescription.h">
      <Filter>Header Files\Scheme</Filter>
    </ClInclude>
    <ClInclude Include="Scheme\SchemeValidator.h">
      <Filter>Header Files\Scheme</Filter>
    </ClInclude>
    <ClInclude Include="Scheme\SchemeTransformer.h">
      <Filter>Header Files\Scheme</Filter>
    </ClInclude>
    <ClInclude Include="Common\Algorithm.h">
      <Filter>Header Files\Common</Filter>
    </ClInclude>
    <ClInclude Include="Common\Settings.h">
      <Filter>Header Files\Common</Filter>
    </ClInclude>
    <ClInclude Include="Common\Logger.h">
      <Filter>Header Files\Common</Filter>
    </ClInclude>
    <ClInclude Include="Common\Timer.h">
      <Filter>Header Files\Common</Filter>
    </ClInclude>
    <ClInclude Include="Scheme\SchemeCopier.h">
      <Filter>Header Files\Scheme</Filter>
    </ClInclude>
    <ClInclude Include="Faults.h">
      <Filter>Header Files</Filter>
    </ClInclude>
    <ClInclude Include="Faults\Language.h">
      <Filter>Header Files\Faults</Filter>
    </ClInclude>
    <ClInclude Include="Faults\Parser.h">
      <Filter>Header Files\Faults</Filter>
    </ClInclude>
    <ClInclude Include="Faults\Language\FaultDescription.h">
      <Filter>Header Files\Faults\Language</Filter>
    </ClInclude>
    <ClInclude Include="Faults\Language\FaultType.h">
      <Filter>Header Files\Faults\Language</Filter>
    </ClInclude>
    <ClInclude Include="Common\TextLineStorage.h">
      <Filter>Header Files\Common</Filter>
    </ClInclude>
    <ClInclude Include="Common\GenericTextLineParser.h">
      <Filter>Header Files\Common</Filter>
    </ClInclude>
    <ClInclude Include="Bench\Parser\TextLineParser.h">
      <Filter>Header Files\Bench\Parser</Filter>
    </ClInclude>
    <ClInclude Include="Common\GenericFileParser.h">
      <Filter>Header Files\Common</Filter>
    </ClInclude>
    <ClInclude Include="Faults\Parser\FaultDescription_parser.h">
      <Filter>Header Files\Faults\Parser</Filter>
    </ClInclude>
    <ClInclude Include="Faults\Parser\FaultDescriptionParser.h">
      <Filter>Header Files\Faults\Parser</Filter>
    </ClInclude>
    <ClInclude Include="Faults\Language\FaultsFile.h">
      <Filter>Header Files\Faults\Language</Filter>
    </ClInclude>
    <ClInclude Include="Faults\Parser\FaultsFileParser.h">
      <Filter>Header Files\Faults\Parser</Filter>
    </ClInclude>
    <ClInclude Include="Common\ParsingException.h">
      <Filter>Header Files\Common</Filter>
    </ClInclude>
    <ClInclude Include="Tests.h">
      <Filter>Header Files</Filter>
    </ClInclude>
    <ClInclude Include="Tests\Algorithm.h">
      <Filter>Header Files\Tests</Filter>
    </ClInclude>
    <ClInclude Include="Tests\Language.h">
      <Filter>Header Files\Tests</Filter>
    </ClInclude>
    <ClInclude Include="Tests\Parser.h">
      <Filter>Header Files\Tests</Filter>
    </ClInclude>
    <ClInclude Include="Tests\Language\TestsGroup.h">
      <Filter>Header Files\Tests\Language</Filter>
    </ClInclude>
    <ClInclude Include="Tests\Language\TestDescription.h">
      <Filter>Header Files\Tests\Language</Filter>
    </ClInclude>
    <ClInclude Include="Tests\Language\TestsCollection.h">
      <Filter>Header Files\Tests\Language</Filter>
    </ClInclude>
    <ClInclude Include="Tests\Algorithm\TestsTransformer.h">
      <Filter>Header Files\Tests\Algorithm</Filter>
    </ClInclude>
    <ClInclude Include="Tests\Language\TestsTextLine.h">
      <Filter>Header Files\Tests\Language</Filter>
    </ClInclude>
    <ClInclude Include="Tests\Language\TestsFile.h">
      <Filter>Header Files\Tests\Language</Filter>
    </ClInclude>
    <ClInclude Include="Tests\Parser\TestDescription_parser.h">
      <Filter>Header Files\Tests\Parser</Filter>
    </ClInclude>
    <ClInclude Include="Tests\Parser\TestsTextLine_parser.h">
      <Filter>Header Files\Tests\Parser</Filter>
    </ClInclude>
    <ClInclude Include="Tests\Parser\TestsTextLineParser.h">
      <Filter>Header Files\Tests\Parser</Filter>
    </ClInclude>
    <ClInclude Include="Tests\Parser\TestsFileParser.h">
      <Filter>Header Files\Tests\Parser</Filter>
    </ClInclude>
    <ClInclude Include="Tests\Algorithm\TestsConverter.h">
      <Filter>Header Files\Tests\Algorithm</Filter>
    </ClInclude>
  </ItemGroup>
</Project>